
Microsoft Visual Studio Solution File, Format Version 12.00
# Visual Studio Version 17
VisualStudioVersion = 17.7.34221.43
MinimumVisualStudioVersion = 10.0.40219.1
Project("{FAE04EC0-301F-11D3-BF4B-00C04F79EFBC}") = "FutureCafe.Web", "FutureCafe.Web\FutureCafe.Web.csproj", "{2B208815-F703-4709-9590-567E6E8F9A10}"
EndProject
Project("{FAE04EC0-301F-11D3-BF4B-00C04F79EFBC}") = "FutureCafe.Entities", "FutureCafe.Entities\FutureCafe.Entities.csproj", "{EFAE9A7F-4D8E-4DC8-91AA-685613E41B4E}"
EndProject
Project("{FAE04EC0-301F-11D3-BF4B-00C04F79EFBC}") = "FutureCafe.DataAccess", "FutureCafe.DataAccess\FutureCafe.DataAccess.csproj", "{10DCCB69-0C03-4229-B857-91D4E3E3161A}"
EndProject
Project("{FAE04EC0-301F-11D3-BF4B-00C04F79EFBC}") = "FutureCafe.Core", "FutureCafe.Core\FutureCafe.Core.csproj", "{53D0A612-64C3-448E-BFF0-09683F08682D}"
EndProject
Project("{FAE04EC0-301F-11D3-BF4B-00C04F79EFBC}") = "FutureCafe.Business", "FutureCafe.Business\FutureCafe.Business.csproj", "{811A0E41-A2A5-4A79-83E5-D466A5013E0E}"
EndProject
Global
	GlobalSection(SolutionConfigurationPlatforms) = preSolution
		Debug|Any CPU = Debug|Any CPU
		Release|Any CPU = Release|Any CPU
	EndGlobalSection
	GlobalSection(ProjectConfigurationPlatforms) = postSolution
		{2B208815-F703-4709-9590-567E6E8F9A10}.Debug|Any CPU.ActiveCfg = Debug|Any CPU
		{2B208815-F703-4709-9590-567E6E8F9A10}.Debug|Any CPU.Build.0 = Debug|Any CPU
		{2B208815-F703-4709-9590-567E6E8F9A10}.Release|Any CPU.ActiveCfg = Release|Any CPU
		{2B208815-F703-4709-9590-567E6E8F9A10}.Release|Any CPU.Build.0 = Release|Any CPU
		{EFAE9A7F-4D8E-4DC8-91AA-685613E41B4E}.Debug|Any CPU.ActiveCfg = Debug|Any CPU
		{EFAE9A7F-4D8E-4DC8-91AA-685613E41B4E}.Debug|Any CPU.Build.0 = Debug|Any CPU
		{EFAE9A7F-4D8E-4DC8-91AA-685613E41B4E}.Release|Any CPU.ActiveCfg = Release|Any CPU
		{EFAE9A7F-4D8E-4DC8-91AA-685613E41B4E}.Release|Any CPU.Build.0 = Release|Any CPU
		{10DCCB69-0C03-4229-B857-91D4E3E3161A}.Debug|Any CPU.ActiveCfg = Debug|Any CPU
		{10DCCB69-0C03-4229-B857-91D4E3E3161A}.Debug|Any CPU.Build.0 = Debug|Any CPU
		{10DCCB69-0C03-4229-B857-91D4E3E3161A}.Release|Any CPU.ActiveCfg = Release|Any CPU
		{10DCCB69-0C03-4229-B857-91D4E3E3161A}.Release|Any CPU.Build.0 = Release|Any CPU
		{53D0A612-64C3-448E-BFF0-09683F08682D}.Debug|Any CPU.ActiveCfg = Debug|Any CPU
		{53D0A612-64C3-448E-BFF0-09683F08682D}.Debug|Any CPU.Build.0 = Debug|Any CPU
		{53D0A612-64C3-448E-BFF0-09683F08682D}.Release|Any CPU.ActiveCfg = Release|Any CPU
		{53D0A612-64C3-448E-BFF0-09683F08682D}.Release|Any CPU.Build.0 = Release|Any CPU
		{811A0E41-A2A5-4A79-83E5-D466A5013E0E}.Debug|Any CPU.ActiveCfg = Debug|Any CPU
		{811A0E41-A2A5-4A79-83E5-D466A5013E0E}.Debug|Any CPU.Build.0 = Debug|Any CPU
		{811A0E41-A2A5-4A79-83E5-D466A5013E0E}.Release|Any CPU.ActiveCfg = Release|Any CPU
		{811A0E41-A2A5-4A79-83E5-D466A5013E0E}.Release|Any CPU.Build.0 = Release|Any CPU
	EndGlobalSection
	GlobalSection(SolutionProperties) = preSolution
		HideSolutionNode = FALSE
	EndGlobalSection
	GlobalSection(ExtensibilityGlobals) = postSolution
		SolutionGuid = {7E7E6B07-9836-46DC-9313-9F648F36ADB9}
	EndGlobalSection
EndGlobal
